
Microsoft Visual Studio Solution File, Format Version 12.00
# Visual Studio Version 17
VisualStudioVersion = 17.14.36310.24
MinimumVisualStudioVersion = 10.0.40219.1
Project("{2150E333-8FDC-42A3-9474-1A3956D46DE8}") = "Services", "Services", "{F769332D-974E-4CBC-96BB-FB34B67A20BA}"
EndProject
Project("{2150E333-8FDC-42A3-9474-1A3956D46DE8}") = "Catalog", "Catalog", "{0DE38C61-CBEF-4B44-A2E0-D189181AA5B4}"
EndProject
Project("{9A19103F-16F7-4668-BE54-9A1E7A4F7556}") = "Catalog.API", "Services\Catalog\Catalog.API\Catalog.API.csproj", "{B48376E0-D860-4D4C-A564-8790AF62243A}"
EndProject
Project("{2150E333-8FDC-42A3-9474-1A3956D46DE8}") = "BuildingBlocks", "BuildingBlocks", "{67E0949C-11ED-4DEC-A294-5271B424298F}"
EndProject
Project("{9A19103F-16F7-4668-BE54-9A1E7A4F7556}") = "BuildingBlocks", "BuildingBlocks\BuildingBlocks\BuildingBlocks.csproj", "{39C173B6-4773-4FE4-A1F6-27DAE17EA211}"
EndProject
Project("{E53339B2-1760-4266-BCC7-CA923CBCF16C}") = "docker-compose", "docker-compose.dcproj", "{79842B6C-9CAA-42E4-8EDA-9272C628D8E4}"
EndProject
Project("{2150E333-8FDC-42A3-9474-1A3956D46DE8}") = "Basket", "Basket", "{3E500C29-0F42-4F9E-BA79-8D6D10189E2B}"
EndProject
Project("{9A19103F-16F7-4668-BE54-9A1E7A4F7556}") = "Basket.API", "Services\Basket\Basket.API\Basket.API.csproj", "{70B0F076-64E6-428A-92B3-A4E6488A12A7}"
EndProject
Project("{2150E333-8FDC-42A3-9474-1A3956D46DE8}") = "Discount", "Discount", "{0C3A486F-32BB-4494-85F1-BB0FA8B8C199}"
EndProject
Project("{9A19103F-16F7-4668-BE54-9A1E7A4F7556}") = "Discount.Grpc", "Services\Discount\Discount.Grpc\Discount.Grpc.csproj", "{96FBF867-B385-4523-9F1C-464EFF4B898B}"
EndProject
Project("{2150E333-8FDC-42A3-9474-1A3956D46DE8}") = "Ordering", "Ordering", "{05806F60-E825-4CAA-BB22-A221FE4235FA}"
EndProject
Project("{FAE04EC0-301F-11D3-BF4B-00C04F79EFBC}") = "Ordering.API", "Services\Ordering\Ordering.API\Ordering.API.csproj", "{BF7E3C61-6361-4384-9B6E-2A678B8DBAED}"
EndProject
Project("{FAE04EC0-301F-11D3-BF4B-00C04F79EFBC}") = "Ordering.Application", "Services\Ordering\Ordering.Application\Ordering.Application.csproj", "{A38B1D04-E040-43CF-A3A9-45146BA7FD21}"
EndProject
Project("{FAE04EC0-301F-11D3-BF4B-00C04F79EFBC}") = "Ordering.Domain", "Services\Ordering\Ordering.Domain\Ordering.Domain.csproj", "{080D4837-DC0C-40CC-BD6E-113B4B145EFB}"
EndProject
Project("{FAE04EC0-301F-11D3-BF4B-00C04F79EFBC}") = "Ordering.Infrastructure", "Services\Ordering\Ordering.Infrastructure\Ordering.Infrastructure.csproj", "{C20BF401-B02E-4051-A5FC-EF2572E75A02}"
EndProject
Global
	GlobalSection(SolutionConfigurationPlatforms) = preSolution
		Debug|Any CPU = Debug|Any CPU
		Release|Any CPU = Release|Any CPU
	EndGlobalSection
	GlobalSection(ProjectConfigurationPlatforms) = postSolution
		{B48376E0-D860-4D4C-A564-8790AF62243A}.Debug|Any CPU.ActiveCfg = Debug|Any CPU
		{B48376E0-D860-4D4C-A564-8790AF62243A}.Debug|Any CPU.Build.0 = Debug|Any CPU
		{B48376E0-D860-4D4C-A564-8790AF62243A}.Release|Any CPU.ActiveCfg = Release|Any CPU
		{B48376E0-D860-4D4C-A564-8790AF62243A}.Release|Any CPU.Build.0 = Release|Any CPU
		{39C173B6-4773-4FE4-A1F6-27DAE17EA211}.Debug|Any CPU.ActiveCfg = Debug|Any CPU
		{39C173B6-4773-4FE4-A1F6-27DAE17EA211}.Debug|Any CPU.Build.0 = Debug|Any CPU
		{39C173B6-4773-4FE4-A1F6-27DAE17EA211}.Release|Any CPU.ActiveCfg = Release|Any CPU
		{39C173B6-4773-4FE4-A1F6-27DAE17EA211}.Release|Any CPU.Build.0 = Release|Any CPU
		{79842B6C-9CAA-42E4-8EDA-9272C628D8E4}.Debug|Any CPU.ActiveCfg = Debug|Any CPU
		{79842B6C-9CAA-42E4-8EDA-9272C628D8E4}.Debug|Any CPU.Build.0 = Debug|Any CPU
		{79842B6C-9CAA-42E4-8EDA-9272C628D8E4}.Release|Any CPU.ActiveCfg = Release|Any CPU
		{79842B6C-9CAA-42E4-8EDA-9272C628D8E4}.Release|Any CPU.Build.0 = Release|Any CPU
		{70B0F076-64E6-428A-92B3-A4E6488A12A7}.Debug|Any CPU.ActiveCfg = Debug|Any CPU
		{70B0F076-64E6-428A-92B3-A4E6488A12A7}.Debug|Any CPU.Build.0 = Debug|Any CPU
		{70B0F076-64E6-428A-92B3-A4E6488A12A7}.Release|Any CPU.ActiveCfg = Release|Any CPU
		{70B0F076-64E6-428A-92B3-A4E6488A12A7}.Release|Any CPU.Build.0 = Release|Any CPU
		{96FBF867-B385-4523-9F1C-464EFF4B898B}.Debug|Any CPU.ActiveCfg = Debug|Any CPU
		{96FBF867-B385-4523-9F1C-464EFF4B898B}.Debug|Any CPU.Build.0 = Debug|Any CPU
		{96FBF867-B385-4523-9F1C-464EFF4B898B}.Release|Any CPU.ActiveCfg = Release|Any CPU
		{96FBF867-B385-4523-9F1C-464EFF4B898B}.Release|Any CPU.Build.0 = Release|Any CPU
		{BF7E3C61-6361-4384-9B6E-2A678B8DBAED}.Debug|Any CPU.ActiveCfg = Debug|Any CPU
		{BF7E3C61-6361-4384-9B6E-2A678B8DBAED}.Debug|Any CPU.Build.0 = Debug|Any CPU
		{BF7E3C61-6361-4384-9B6E-2A678B8DBAED}.Release|Any CPU.ActiveCfg = Release|Any CPU
		{BF7E3C61-6361-4384-9B6E-2A678B8DBAED}.Release|Any CPU.Build.0 = Release|Any CPU
		{A38B1D04-E040-43CF-A3A9-45146BA7FD21}.Debug|Any CPU.ActiveCfg = Debug|Any CPU
		{A38B1D04-E040-43CF-A3A9-45146BA7FD21}.Debug|Any CPU.Build.0 = Debug|Any CPU
		{A38B1D04-E040-43CF-A3A9-45146BA7FD21}.Release|Any CPU.ActiveCfg = Release|Any CPU
		{A38B1D04-E040-43CF-A3A9-45146BA7FD21}.Release|Any CPU.Build.0 = Release|Any CPU
		{080D4837-DC0C-40CC-BD6E-113B4B145EFB}.Debug|Any CPU.ActiveCfg = Debug|Any CPU
		{080D4837-DC0C-40CC-BD6E-113B4B145EFB}.Debug|Any CPU.Build.0 = Debug|Any CPU
		{080D4837-DC0C-40CC-BD6E-113B4B145EFB}.Release|Any CPU.ActiveCfg = Release|Any CPU
		{080D4837-DC0C-40CC-BD6E-113B4B145EFB}.Release|Any CPU.Build.0 = Release|Any CPU
		{C20BF401-B02E-4051-A5FC-EF2572E75A02}.Debug|Any CPU.ActiveCfg = Debug|Any CPU
		{C20BF401-B02E-4051-A5FC-EF2572E75A02}.Debug|Any CPU.Build.0 = Debug|Any CPU
		{C20BF401-B02E-4051-A5FC-EF2572E75A02}.Release|Any CPU.ActiveCfg = Release|Any CPU
		{C20BF401-B02E-4051-A5FC-EF2572E75A02}.Release|Any CPU.Build.0 = Release|Any CPU
	EndGlobalSection
	GlobalSection(SolutionProperties) = preSolution
		HideSolutionNode = FALSE
	EndGlobalSection
	GlobalSection(NestedProjects) = preSolution
		{0DE38C61-CBEF-4B44-A2E0-D189181AA5B4} = {F769332D-974E-4CBC-96BB-FB34B67A20BA}
		{B48376E0-D860-4D4C-A564-8790AF62243A} = {0DE38C61-CBEF-4B44-A2E0-D189181AA5B4}
		{39C173B6-4773-4FE4-A1F6-27DAE17EA211} = {67E0949C-11ED-4DEC-A294-5271B424298F}
		{3E500C29-0F42-4F9E-BA79-8D6D10189E2B} = {F769332D-974E-4CBC-96BB-FB34B67A20BA}
		{70B0F076-64E6-428A-92B3-A4E6488A12A7} = {3E500C29-0F42-4F9E-BA79-8D6D10189E2B}
		{0C3A486F-32BB-4494-85F1-BB0FA8B8C199} = {F769332D-974E-4CBC-96BB-FB34B67A20BA}
		{96FBF867-B385-4523-9F1C-464EFF4B898B} = {0C3A486F-32BB-4494-85F1-BB0FA8B8C199}
		{05806F60-E825-4CAA-BB22-A221FE4235FA} = {F769332D-974E-4CBC-96BB-FB34B67A20BA}
		{BF7E3C61-6361-4384-9B6E-2A678B8DBAED} = {05806F60-E825-4CAA-BB22-A221FE4235FA}
		{A38B1D04-E040-43CF-A3A9-45146BA7FD21} = {05806F60-E825-4CAA-BB22-A221FE4235FA}
		{080D4837-DC0C-40CC-BD6E-113B4B145EFB} = {05806F60-E825-4CAA-BB22-A221FE4235FA}
		{C20BF401-B02E-4051-A5FC-EF2572E75A02} = {05806F60-E825-4CAA-BB22-A221FE4235FA}
	EndGlobalSection
	GlobalSection(ExtensibilityGlobals) = postSolution
		SolutionGuid = {C36ECF97-5044-4864-87EE-97F70E3B1F98}
	EndGlobalSection
EndGlobal
